// !$*UTF8*$!
{
	archiveVersion = 1;
	classes = {
	};
	objectVersion = 46;
	objects = {

/* Begin PBXBuildFile section */
		672AD96C1D18EB33009FAF5E /* main.m in Sources */ = {isa = PBXBuildFile; fileRef = 672AD96B1D18EB33009FAF5E /* main.m */; };
		672AD96F1D18EB33009FAF5E /* AppDelegate.m in Sources */ = {isa = PBXBuildFile; fileRef = 672AD96E1D18EB33009FAF5E /* AppDelegate.m */; };
		672AD9721D18EB33009FAF5E /* ViewController.m in Sources */ = {isa = PBXBuildFile; fileRef = 672AD9711D18EB33009FAF5E /* ViewController.m */; };
		672AD9751D18EB33009FAF5E /* Main.storyboard in Resources */ = {isa = PBXBuildFile; fileRef = 672AD9731D18EB33009FAF5E /* Main.storyboard */; };
		672AD9771D18EB33009FAF5E /* Assets.xcassets in Resources */ = {isa = PBXBuildFile; fileRef = 672AD9761D18EB33009FAF5E /* Assets.xcassets */; };
		672AD97A1D18EB33009FAF5E /* LaunchScreen.storyboard in Resources */ = {isa = PBXBuildFile; fileRef = 672AD9781D18EB33009FAF5E /* LaunchScreen.storyboard */; };
		672AD9851D18EB33009FAF5E /* polyvUploadSDKTests.m in Sources */ = {isa = PBXBuildFile; fileRef = 672AD9841D18EB33009FAF5E /* polyvUploadSDKTests.m */; };
		672AD9941D18F363009FAF5E /* PLVUploadSDK.framework in Frameworks */ = {isa = PBXBuildFile; fileRef = 672AD9931D18F363009FAF5E /* PLVUploadSDK.framework */; };
		672AD9961D19030F009FAF5E /* libz.tbd in Frameworks */ = {isa = PBXBuildFile; fileRef = 672AD9951D19030F009FAF5E /* libz.tbd */; };
/* End PBXBuildFile section */

/* Begin PBXContainerItemProxy section */
		672AD9811D18EB33009FAF5E /* PBXContainerItemProxy */ = {
			isa = PBXContainerItemProxy;
			containerPortal = 672AD95F1D18EB33009FAF5E /* Project object */;
			proxyType = 1;
			remoteGlobalIDString = 672AD9661D18EB33009FAF5E;
			remoteInfo = polyvUploadSDK;
		};
/* End PBXContainerItemProxy section */

/* Begin PBXFileReference section */
		672AD9671D18EB33009FAF5E /* polyvUploadSDK.app */ = {isa = PBXFileReference; explicitFileType = wrapper.application; includeInIndex = 0; path = polyvUploadSDK.app; sourceTree = BUILT_PRODUCTS_DIR; };
		672AD96B1D18EB33009FAF5E /* main.m */ = {isa = PBXFileReference; lastKnownFileType = sourcecode.c.objc; path = main.m; sourceTree = "<group>"; };
		672AD96D1D18EB33009FAF5E /* AppDelegate.h */ = {isa = PBXFileReference; lastKnownFileType = sourcecode.c.h; path = AppDelegate.h; sourceTree = "<group>"; };
		672AD96E1D18EB33009FAF5E /* AppDelegate.m */ = {isa = PBXFileReference; lastKnownFileType = sourcecode.c.objc; path = AppDelegate.m; sourceTree = "<group>"; };
		672AD9701D18EB33009FAF5E /* ViewController.h */ = {isa = PBXFileReference; lastKnownFileType = sourcecode.c.h; path = ViewController.h; sourceTree = "<group>"; };
		672AD9711D18EB33009FAF5E /* ViewController.m */ = {isa = PBXFileReference; lastKnownFileType = sourcecode.c.objc; path = ViewController.m; sourceTree = "<group>"; };
		672AD9741D18EB33009FAF5E /* Base */ = {isa = PBXFileReference; lastKnownFileType = file.storyboard; name = Base; path = Base.lproj/Main.storyboard; sourceTree = "<group>"; };
		672AD9761D18EB33009FAF5E /* Assets.xcassets */ = {isa = PBXFileReference; lastKnownFileType = folder.assetcatalog; path = Assets.xcassets; sourceTree = "<group>"; };
		672AD9791D18EB33009FAF5E /* Base */ = {isa = PBXFileReference; lastKnownFileType = file.storyboard; name = Base; path = Base.lproj/LaunchScreen.storyboard; sourceTree = "<group>"; };
		672AD97B1D18EB33009FAF5E /* Info.plist */ = {isa = PBXFileReference; lastKnownFileType = text.plist.xml; path = Info.plist; sourceTree = "<group>"; };
		672AD9801D18EB33009FAF5E /* polyvUploadSDKTests.xctest */ = {isa = PBXFileReference; explicitFileType = wrapper.cfbundle; includeInIndex = 0; path = polyvUploadSDKTests.xctest; sourceTree = BUILT_PRODUCTS_DIR; };
		672AD9841D18EB33009FAF5E /* polyvUploadSDKTests.m */ = {isa = PBXFileReference; lastKnownFileType = sourcecode.c.objc; path = polyvUploadSDKTests.m; sourceTree = "<group>"; };
		672AD9861D18EB33009FAF5E /* Info.plist */ = {isa = PBXFileReference; lastKnownFileType = text.plist.xml; path = Info.plist; sourceTree = "<group>"; };
		672AD9931D18F363009FAF5E /* PLVUploadSDK.framework */ = {isa = PBXFileReference; lastKnownFileType = wrapper.framework; path = PLVUploadSDK.framework; sourceTree = "<group>"; };
		672AD9951D19030F009FAF5E /* libz.tbd */ = {isa = PBXFileReference; lastKnownFileType = "sourcecode.text-based-dylib-definition"; name = libz.tbd; path = usr/lib/libz.tbd; sourceTree = SDKROOT; };
/* End PBXFileReference section */

/* Begin PBXFrameworksBuildPhase section */
		672AD9641D18EB33009FAF5E /* Frameworks */ = {
			isa = PBXFrameworksBuildPhase;
			buildActionMask = 2147483647;
			files = (
				672AD9961D19030F009FAF5E /* libz.tbd in Frameworks */,
				672AD9941D18F363009FAF5E /* PLVUploadSDK.framework in Frameworks */,
			);
			runOnlyForDeploymentPostprocessing = 0;
		};
		672AD97D1D18EB33009FAF5E /* Frameworks */ = {
			isa = PBXFrameworksBuildPhase;
			buildActionMask = 2147483647;
			files = (
			);
			runOnlyForDeploymentPostprocessing = 0;
		};
/* End PBXFrameworksBuildPhase section */

/* Begin PBXGroup section */
		672AD95E1D18EB33009FAF5E = {
			isa = PBXGroup;
			children = (
				672AD9951D19030F009FAF5E /* libz.tbd */,
				672AD9931D18F363009FAF5E /* PLVUploadSDK.framework */,
				672AD9691D18EB33009FAF5E /* polyvUploadSDK */,
				672AD9831D18EB33009FAF5E /* polyvUploadSDKTests */,
				672AD9681D18EB33009FAF5E /* Products */,
			);
			sourceTree = "<group>";
		};
		672AD9681D18EB33009FAF5E /* Products */ = {
			isa = PBXGroup;
			children = (
				672AD9671D18EB33009FAF5E /* polyvUploadSDK.app */,
				672AD9801D18EB33009FAF5E /* polyvUploadSDKTests.xctest */,
			);
			name = Products;
			sourceTree = "<group>";
		};
		672AD9691D18EB33009FAF5E /* polyvUploadSDK */ = {
			isa = PBXGroup;
			children = (
				672AD96D1D18EB33009FAF5E /* AppDelegate.h */,
				672AD96E1D18EB33009FAF5E /* AppDelegate.m */,
				672AD9701D18EB33009FAF5E /* ViewController.h */,
				672AD9711D18EB33009FAF5E /* ViewController.m */,
				672AD9731D18EB33009FAF5E /* Main.storyboard */,
				672AD9761D18EB33009FAF5E /* Assets.xcassets */,
				672AD9781D18EB33009FAF5E /* LaunchScreen.storyboard */,
				672AD97B1D18EB33009FAF5E /* Info.plist */,
				672AD96A1D18EB33009FAF5E /* Supporting Files */,
			);
			path = polyvUploadSDK;
			sourceTree = "<group>";
		};
		672AD96A1D18EB33009FAF5E /* Supporting Files */ = {
			isa = PBXGroup;
			children = (
				672AD96B1D18EB33009FAF5E /* main.m */,
			);
			name = "Supporting Files";
			sourceTree = "<group>";
		};
		672AD9831D18EB33009FAF5E /* polyvUploadSDKTests */ = {
			isa = PBXGroup;
			children = (
				672AD9841D18EB33009FAF5E /* polyvUploadSDKTests.m */,
				672AD9861D18EB33009FAF5E /* Info.plist */,
			);
			path = polyvUploadSDKTests;
			sourceTree = "<group>";
		};
/* End PBXGroup section */

/* Begin PBXNativeTarget section */
		672AD9661D18EB33009FAF5E /* polyvUploadSDK */ = {
			isa = PBXNativeTarget;
			buildConfigurationList = 672AD9891D18EB33009FAF5E /* Build configuration list for PBXNativeTarget "polyvUploadSDK" */;
			buildPhases = (
				672AD9631D18EB33009FAF5E /* Sources */,
				672AD9641D18EB33009FAF5E /* Frameworks */,
				672AD9651D18EB33009FAF5E /* Resources */,
			);
			buildRules = (
			);
			dependencies = (
			);
			name = polyvUploadSDK;
			productName = polyvUploadSDK;
			productReference = 672AD9671D18EB33009FAF5E /* polyvUploadSDK.app */;
			productType = "com.apple.product-type.application";
		};
		672AD97F1D18EB33009FAF5E /* polyvUploadSDKTests */ = {
			isa = PBXNativeTarget;
			buildConfigurationList = 672AD98C1D18EB33009FAF5E /* Build configuration list for PBXNativeTarget "polyvUploadSDKTests" */;
			buildPhases = (
				672AD97C1D18EB33009FAF5E /* Sources */,
				672AD97D1D18EB33009FAF5E /* Frameworks */,
				672AD97E1D18EB33009FAF5E /* Resources */,
			);
			buildRules = (
			);
			dependencies = (
				672AD9821D18EB33009FAF5E /* PBXTargetDependency */,
			);
			name = polyvUploadSDKTests;
			productName = polyvUploadSDKTests;
			productReference = 672AD9801D18EB33009FAF5E /* polyvUploadSDKTests.xctest */;
			productType = "com.apple.product-type.bundle.unit-test";
		};
/* End PBXNativeTarget section */

/* Begin PBXProject section */
		672AD95F1D18EB33009FAF5E /* Project object */ = {
			isa = PBXProject;
			attributes = {
				LastUpgradeCheck = 0720;
				ORGANIZATIONNAME = easefun;
				TargetAttributes = {
					672AD9661D18EB33009FAF5E = {
						CreatedOnToolsVersion = 7.2;
						DevelopmentTeam = 8BMZBNN3Q5;
					};
					672AD97F1D18EB33009FAF5E = {
						CreatedOnToolsVersion = 7.2;
						TestTargetID = 672AD9661D18EB33009FAF5E;
					};
				};
			};
			buildConfigurationList = 672AD9621D18EB33009FAF5E /* Build configuration list for PBXProject "polyvUploadSDK" */;
			compatibilityVersion = "Xcode 3.2";
			developmentRegion = English;
			hasScannedForEncodings = 0;
			knownRegions = (
				en,
				Base,
			);
			mainGroup = 672AD95E1D18EB33009FAF5E;
			productRefGroup = 672AD9681D18EB33009FAF5E /* Products */;
			projectDirPath = "";
			projectRoot = "";
			targets = (
				672AD9661D18EB33009FAF5E /* polyvUploadSDK */,
				672AD97F1D18EB33009FAF5E /* polyvUploadSDKTests */,
			);
		};
/* End PBXProject section */

/* Begin PBXResourcesBuildPhase section */
		672AD9651D18EB33009FAF5E /* Resources */ = {
			isa = PBXResourcesBuildPhase;
			buildActionMask = 2147483647;
			files = (
				672AD97A1D18EB33009FAF5E /* LaunchScreen.storyboard in Resources */,
				672AD9771D18EB33009FAF5E /* Assets.xcassets in Resources */,
				672AD9751D18EB33009FAF5E /* Main.storyboard in Resources */,
			);
			runOnlyForDeploymentPostprocessing = 0;
		};
		672AD97E1D18EB33009FAF5E /* Resources */ = {
			isa = PBXResourcesBuildPhase;
			buildActionMask = 2147483647;
			files = (
			);
			runOnlyForDeploymentPostprocessing = 0;
		};
/* End PBXResourcesBuildPhase section */

/* Begin PBXSourcesBuildPhase section */
		672AD9631D18EB33009FAF5E /* Sources */ = {
			isa = PBXSourcesBuildPhase;
			buildActionMask = 2147483647;
			files = (
				672AD9721D18EB33009FAF5E /* ViewController.m in Sources */,
				672AD96F1D18EB33009FAF5E /* AppDelegate.m in Sources */,
				672AD96C1D18EB33009FAF5E /* main.m in Sources */,
			);
			runOnlyForDeploymentPostprocessing = 0;
		};
		672AD97C1D18EB33009FAF5E /* Sources */ = {
			isa = PBXSourcesBuildPhase;
			buildActionMask = 2147483647;
			files = (
				672AD9851D18EB33009FAF5E /* polyvUploadSDKTests.m in Sources */,
			);
			runOnlyForDeploymentPostprocessing = 0;
		};
/* End PBXSourcesBuildPhase section */

/* Begin PBXTargetDependency section */
		672AD9821D18EB33009FAF5E /* PBXTargetDependency */ = {
			isa = PBXTargetDependency;
			target = 672AD9661D18EB33009FAF5E /* polyvUploadSDK */;
			targetProxy = 672AD9811D18EB33009FAF5E /* PBXContainerItemProxy */;
		};
/* End PBXTargetDependency section */

/* Begin PBXVariantGroup section */
		672AD9731D18EB33009FAF5E /* Main.storyboard */ = {
			isa = PBXVariantGroup;
			children = (
				672AD9741D18EB33009FAF5E /* Base */,
			);
			name = Main.storyboard;
			sourceTree = "<group>";
		};
		672AD9781D18EB33009FAF5E /* LaunchScreen.storyboard */ = {
			isa = PBXVariantGroup;
			children = (
				672AD9791D18EB33009FAF5E /* Base */,
			);
			name = LaunchScreen.storyboard;
			sourceTree = "<group>";
		};
/* End PBXVariantGroup section */

/* Begin XCBuildConfiguration section */
		672AD9871D18EB33009FAF5E /* Debug */ = {
			isa = XCBuildConfiguration;
			buildSettings = {
				ALWAYS_SEARCH_USER_PATHS = NO;
				CLANG_CXX_LANGUAGE_STANDARD = "gnu++0x";
				CLANG_CXX_LIBRARY = "libc++";
				CLANG_ENABLE_MODULES = YES;
				CLANG_ENABLE_OBJC_ARC = YES;
				CLANG_WARN_BOOL_CONVERSION = YES;
				CLANG_WARN_CONSTANT_CONVERSION = YES;
				CLANG_WARN_DIRECT_OBJC_ISA_USAGE = YES_ERROR;
				CLANG_WARN_EMPTY_BODY = YES;
				CLANG_WARN_ENUM_CONVERSION = YES;
				CLANG_WARN_INT_CONVERSION = YES;
				CLANG_WARN_OBJC_ROOT_CLASS = YES_ERROR;
				CLANG_WARN_UNREACHABLE_CODE = YES;
				CLANG_WARN__DUPLICATE_METHOD_MATCH = YES;
				"CODE_SIGN_IDENTITY[sdk=iphoneos*]" = "iPhone Developer";
				COPY_PHASE_STRIP = NO;
				DEBUG_INFORMATION_FORMAT = dwarf;
				ENABLE_STRICT_OBJC_MSGSEND = YES;
				ENABLE_TESTABILITY = YES;
				GCC_C_LANGUAGE_STANDARD = gnu99;
				GCC_DYNAMIC_NO_PIC = NO;
				GCC_NO_COMMON_BLOCKS = YES;
				GCC_OPTIMIZATION_LEVEL = 0;
				GCC_PREPROCESSOR_DEFINITIONS = (
					"DEBUG=1",
					"$(inherited)",
				);
				GCC_WARN_64_TO_32_BIT_CONVERSION = YES;
				GCC_WARN_ABOUT_RETURN_TYPE = YES_ERROR;
				GCC_WARN_UNDECLARED_SELECTOR = YES;
				GCC_WARN_UNINITIALIZED_AUTOS = YES_AGGRESSIVE;
				GCC_WARN_UNUSED_FUNCTION = YES;
				GCC_WARN_UNUSED_VARIABLE = YES;
				IPHONEOS_DEPLOYMENT_TARGET = 9.2;
				MTL_ENABLE_DEBUG_INFO = YES;
				ONLY_ACTIVE_ARCH = YES;
				SDKROOT = iphoneos;
			};
			name = Debug;
		};
		672AD9881D18EB33009FAF5E /* Release */ = {
			isa = XCBuildConfiguration;
			buildSettings = {
				ALWAYS_SEARCH_USER_PATHS = NO;
				CLANG_CXX_LANGUAGE_STANDARD = "gnu++0x";
				CLANG_CXX_LIBRARY = "libc++";
				CLANG_ENABLE_MODULES = YES;
				CLANG_ENABLE_OBJC_ARC = YES;
				CLANG_WARN_BOOL_CONVERSION = YES;
				CLANG_WARN_CONSTANT_CONVERSION = YES;
				CLANG_WARN_DIRECT_OBJC_ISA_USAGE = YES_ERROR;
				CLANG_WARN_EMPTY_BODY = YES;
				CLANG_WARN_ENUM_CONVERSION = YES;
				CLANG_WARN_INT_CONVERSION = YES;
				CLANG_WARN_OBJC_ROOT_CLASS = YES_ERROR;
				CLANG_WARN_UNREACHABLE_CODE = YES;
				CLANG_WARN__DUPLICATE_METHOD_MATCH = YES;
				"CODE_SIGN_IDENTITY[sdk=iphoneos*]" = "iPhone Developer";
				COPY_PHASE_STRIP = NO;
				DEBUG_INFORMATION_FORMAT = "dwarf-with-dsym";
				ENABLE_NS_ASSERTIONS = NO;
				ENABLE_STRICT_OBJC_MSGSEND = YES;
				GCC_C_LANGUAGE_STANDARD = gnu99;
				GCC_NO_COMMON_BLOCKS = YES;
				GCC_WARN_64_TO_32_BIT_CONVERSION = YES;
				GCC_WARN_ABOUT_RETURN_TYPE = YES_ERROR;
				GCC_WARN_UNDECLARED_SELECTOR = YES;
				GCC_WARN_UNINITIALIZED_AUTOS = YES_AGGRESSIVE;
				GCC_WARN_UNUSED_FUNCTION = YES;
				GCC_WARN_UNUSED_VARIABLE = YES;
				IPHONEOS_DEPLOYMENT_TARGET = 9.2;
				MTL_ENABLE_DEBUG_INFO = NO;
				SDKROOT = iphoneos;
				VALIDATE_PRODUCT = YES;
			};
			name = Release;
		};
		672AD98A1D18EB33009FAF5E /* Debug */ = {
			isa = XCBuildConfiguration;
			buildSettings = {
				ASSETCATALOG_COMPILER_APPICON_NAME = AppIcon;
				CODE_SIGN_IDENTITY = "iPhone Developer";
				FRAMEWORK_SEARCH_PATHS = "$(PROJECT_DIR)";
				INFOPLIST_FILE = polyvUploadSDK/Info.plist;
				LD_RUNPATH_SEARCH_PATHS = "$(inherited) @executable_path/Frameworks";
				OTHER_LDFLAGS = "-ObjC";
				PRODUCT_BUNDLE_IDENTIFIER = net.polyv.polyvUploadSDK;
				PRODUCT_NAME = "$(TARGET_NAME)";
				USER_HEADER_SEARCH_PATHS = "";
			};
			name = Debug;
		};
		672AD98B1D18EB33009FAF5E /* Release */ = {
			isa = XCBuildConfiguration;
			buildSettings = {
				ASSETCATALOG_COMPILER_APPICON_NAME = AppIcon;
				CODE_SIGN_IDENTITY = "iPhone Developer";
				FRAMEWORK_SEARCH_PATHS = "$(PROJECT_DIR)";
				INFOPLIST_FILE = polyvUploadSDK/Info.plist;
				LD_RUNPATH_SEARCH_PATHS = "$(inherited) @executable_path/Frameworks";
				OTHER_LDFLAGS = "-ObjC";
				PRODUCT_BUNDLE_IDENTIFIER = net.polyv.polyvUploadSDK;
				PRODUCT_NAME = "$(TARGET_NAME)";
				USER_HEADER_SEARCH_PATHS = "";
			};
			name = Release;
		};
		672AD98D1D18EB33009FAF5E /* Debug */ = {
			isa = XCBuildConfiguration;
			buildSettings = {
				BUNDLE_LOADER = "$(TEST_HOST)";
				INFOPLIST_FILE = polyvUploadSDKTests/Info.plist;
				LD_RUNPATH_SEARCH_PATHS = "$(inherited) @executable_path/Frameworks @loader_path/Frameworks";
				PRODUCT_BUNDLE_IDENTIFIER = net.polyv.polyvUploadSDKTests;
				PRODUCT_NAME = "$(TARGET_NAME)";
				TEST_HOST = "$(BUILT_PRODUCTS_DIR)/polyvUploadSDK.app/polyvUploadSDK";
			};
			name = Debug;
		};
		672AD98E1D18EB33009FAF5E /* Release */ = {
			isa = XCBuildConfiguration;
			buildSettings = {
				BUNDLE_LOADER = "$(TEST_HOST)";
				INFOPLIST_FILE = polyvUploadSDKTests/Info.plist;
				LD_RUNPATH_SEARCH_PATHS = "$(inherited) @executable_path/Frameworks @loader_path/Frameworks";
				PRODUCT_BUNDLE_IDENTIFIER = net.polyv.polyvUploadSDKTests;
				PRODUCT_NAME = "$(TARGET_NAME)";
				TEST_HOST = "$(BUILT_PRODUCTS_DIR)/polyvUploadSDK.app/polyvUploadSDK";
			};
			name = Release;
		};
/* End XCBuildConfiguration section */

/* Begin XCConfigurationList section */
		672AD9621D18EB33009FAF5E /* Build configuration list for PBXProject "polyvUploadSDK" */ = {
			isa = XCConfigurationList;
			buildConfigurations = (
				672AD9871D18EB33009FAF5E /* Debug */,
				672AD9881D18EB33009FAF5E /* Release */,
			);
			defaultConfigurationIsVisible = 0;
			defaultConfigurationName = Release;
		};
		672AD9891D18EB33009FAF5E /* Build configuration list for PBXNativeTarget "polyvUploadSDK" */ = {
			isa = XCConfigurationList;
			buildConfigurations = (
				672AD98A1D18EB33009FAF5E /* Debug */,
				672AD98B1D18EB33009FAF5E /* Release */,
			);
			defaultConfigurationIsVisible = 0;
			defaultConfigurationName = Release;
		};
		672AD98C1D18EB33009FAF5E /* Build configuration list for PBXNativeTarget "polyvUploadSDKTests" */ = {
			isa = XCConfigurationList;
			buildConfigurations = (
				672AD98D1D18EB33009FAF5E /* Debug */,
				672AD98E1D18EB33009FAF5E /* Release */,
			);
			defaultConfigurationIsVisible = 0;
			defaultConfigurationName = Release;
		};
/* End XCConfigurationList section */
	};
	rootObject = 672AD95F1D18EB33009FAF5E /* Project object */;
}
